{
  "nodes": {
    "fenix": {
      "inputs": {
        "nixpkgs": [
          "nixpkgs"
        ],
        "rust-analyzer-src": "rust-analyzer-src"
      },
      "locked": {
        "lastModified": 1771917501,
        "narHash": "sha256-pyjD5s19JzH/aw6OnjyxYddoQWD/F1ygj9bku9td+MI=",
        "owner": "nix-community",
        "repo": "fenix",
        "rev": "1d6ea44fd28bd5ad7cfd4bb39a7a225225484593",
        "type": "github"
      },
      "original": {
        "owner": "nix-community",
        "repo": "fenix",
        "type": "github"
      }
    },
    "nixpkgs": {
      "locked": {
        "lastModified": 1771848320,
        "narHash": "sha256-0MAd+0mun3K/Ns8JATeHT1sX28faLII5hVLq0L3BdZU=",
        "owner": "NixOS",
        "repo": "nixpkgs",
        "rev": "2fc6539b481e1d2569f25f8799236694180c0993",
        "type": "github"
      },
      "original": {
        "owner": "NixOS",
        "ref": "nixos-unstable",
        "repo": "nixpkgs",
        "type": "github"
      }
    },
    "root": {
      "inputs": {
        "fenix": "fenix",
        "nixpkgs": "nixpkgs"
      }
    },
    "rust-analyzer-src": {
      "flake": false,
      "locked": {
        "lastModified": 1771830288,
        "narHash": "sha256-Key/V7kjPYdPFeAw6cPS9M//6hGb6l1pLJroy7aUcfU=",
        "owner": "rust-lang",
        "repo": "rust-analyzer",
        "rev": "05da4cf3c4dfb8aa3430343f41e73c4cfad46bd5",
        "type": "github"
      },
      "original": {
        "owner": "rust-lang",
        "ref": "nightly",
        "repo": "rust-analyzer",
        "type": "github"
      }
    }
  },
  "root": "root",
  "version": 7
}
